<?xml version="1.0" encoding="utf-8"?>
<Project ToolsVersion="4.0" xmlns="http://schemas.microsoft.com/developer/msbuild/2003">
  <ItemGroup>
    <Filter Include="Source Files">
      <UniqueIdentifier>{4FC737F1-C7A5-4376-A066-2A32D752A2FF}</UniqueIdentifier>
      <Extensions>cpp;c;cc;cxx;c++;cppm;ixx;def;odl;idl;hpj;bat;asm;asmx</Extensions>
    </Filter>
    <Filter Include="Header Files">
      <UniqueIdentifier>{93995380-89BD-4b04-88EB-625FBE52EBFB}</UniqueIdentifier>
      <Extensions>h;hh;hpp;hxx;h++;hm;inl;inc;ipp;xsd</Extensions>
    </Filter>
    <Filter Include="Resource Files">
      <UniqueIdentifier>{67DA6AB6-F800-4c08-8B7A-83BB121AAD01}</UniqueIdentifier>
      <Extensions>rc;ico;cur;bmp;dlg;rc2;rct;bin;rgs;gif;jpg;jpeg;jpe;resx;tiff;tif;png;wav;mfcribbon-ms</Extensions>
    </Filter>
    <Filter Include="TestBench">
      <UniqueIdentifier>{bdfa29f9-5ddd-4810-aa65-764e8d6f03ec}</UniqueIdentifier>
    </Filter>
    <Filter Include="TestBench\Headers">
      <UniqueIdentifier>{d94ad40e-c6e4-4aa9-9621-63f6464d2d3d}</UniqueIdentifier>
    </Filter>
    <Filter Include="TestBench\source">
      <UniqueIdentifier>{96cb7d8b-a167-42a7-a06e-5bcdc9fa99f2}</UniqueIdentifier>
    </Filter>
  </ItemGroup>
  <ItemGroup>
    <ClInclude Include="include\InstructionDecodeMgr.h">
      <Filter>Header Files</Filter>
    </ClInclude>
    <ClInclude Include="include\reporting.h">
      <Filter>Header Files</Filter>
    </ClInclude>
    <ClInclude Include="include\Report.h">
      <Filter>Header Files</Filter>
    </ClInclude>
    <ClInclude Include="include\InstructionFetchUnit.h">
      <Filter>Header Files</Filter>
    </ClInclude>
  </ItemGroup>
  <ItemGroup>
    <ClCompile Include="src\InstructionDecodeMgr.cpp">
      <Filter>Source Files</Filter>
    </ClCompile>
    <ClCompile Include="src\reporting.cpp">
      <Filter>Source Files</Filter>
    </ClCompile>
    <ClCompile Include="src\Report.cpp">
      <Filter>Source Files</Filter>
    </ClCompile>
  </ItemGroup>
</Project>